
Microsoft Visual Studio Solution File, Format Version 12.00
# Visual Studio Version 17
VisualStudioVersion = 17.10.35013.160
MinimumVisualStudioVersion = 10.0.40219.1
Project("{FAE04EC0-301F-11D3-BF4B-00C04F79EFBC}") = "AppJogoForca", "AppJogoForca.csproj", "{AAF4A637-FE01-41ED-A5BA-DBE4430B2044}"
EndProject
Global
	GlobalSection(SolutionConfigurationPlatforms) = preSolution
		Debug|Any CPU = Debug|Any CPU
		Release|Any CPU = Release|Any CPU
	EndGlobalSection
	GlobalSection(ProjectConfigurationPlatforms) = postSolution
		{AAF4A637-FE01-41ED-A5BA-DBE4430B2044}.Debug|Any CPU.ActiveCfg = Debug|Any CPU
		{AAF4A637-FE01-41ED-A5BA-DBE4430B2044}.Debug|Any CPU.Build.0 = Debug|Any CPU
		{AAF4A637-FE01-41ED-A5BA-DBE4430B2044}.Debug|Any CPU.Deploy.0 = Debug|Any CPU
		{AAF4A637-FE01-41ED-A5BA-DBE4430B2044}.Release|Any CPU.ActiveCfg = Release|Any CPU
		{AAF4A637-FE01-41ED-A5BA-DBE4430B2044}.Release|Any CPU.Build.0 = Release|Any CPU
		{AAF4A637-FE01-41ED-A5BA-DBE4430B2044}.Release|Any CPU.Deploy.0 = Release|Any CPU
	EndGlobalSection
	GlobalSection(SolutionProperties) = preSolution
		HideSolutionNode = FALSE
	EndGlobalSection
	GlobalSection(ExtensibilityGlobals) = postSolution
		SolutionGuid = {E05F4E8E-7358-4C35-9759-9A7F280EF2C6}
	EndGlobalSection
EndGlobal
